
Microsoft Visual Studio Solution File, Format Version 12.00
# Visual Studio Version 16
VisualStudioVersion = 16.0.30517.126
MinimumVisualStudioVersion = 10.0.40219.1
Project("{FAE04EC0-301F-11D3-BF4B-00C04F79EFBC}") = "InteractiveRockPaperScissors", "InteractiveRockPaperScissors\InteractiveRockPaperScissors.csproj", "{7CFFB752-42A4-4818-9AC7-8B218C1A476B}"
EndProject
Project("{9A19103F-16F7-4668-BE54-9A1E7A4F7556}") = "RockPaperScissors", "RockPaperScissors\RockPaperScissors.csproj", "{661F3276-E177-4410-960B-3889DEEA7A56}"
EndProject
Global
	GlobalSection(SolutionConfigurationPlatforms) = preSolution
		Debug|Any CPU = Debug|Any CPU
		Release|Any CPU = Release|Any CPU
	EndGlobalSection
	GlobalSection(ProjectConfigurationPlatforms) = postSolution
		{7CFFB752-42A4-4818-9AC7-8B218C1A476B}.Debug|Any CPU.ActiveCfg = Debug|Any CPU
		{7CFFB752-42A4-4818-9AC7-8B218C1A476B}.Debug|Any CPU.Build.0 = Debug|Any CPU
		{7CFFB752-42A4-4818-9AC7-8B218C1A476B}.Release|Any CPU.ActiveCfg = Release|Any CPU
		{7CFFB752-42A4-4818-9AC7-8B218C1A476B}.Release|Any CPU.Build.0 = Release|Any CPU
		{661F3276-E177-4410-960B-3889DEEA7A56}.Debug|Any CPU.ActiveCfg = Debug|Any CPU
		{661F3276-E177-4410-960B-3889DEEA7A56}.Debug|Any CPU.Build.0 = Debug|Any CPU
		{661F3276-E177-4410-960B-3889DEEA7A56}.Release|Any CPU.ActiveCfg = Release|Any CPU
		{661F3276-E177-4410-960B-3889DEEA7A56}.Release|Any CPU.Build.0 = Release|Any CPU
	EndGlobalSection
	GlobalSection(SolutionProperties) = preSolution
		HideSolutionNode = FALSE
	EndGlobalSection
	GlobalSection(ExtensibilityGlobals) = postSolution
		SolutionGuid = {EDDF14FB-168C-411E-A44C-D0FBB0244FD5}
	EndGlobalSection
EndGlobal
