
Microsoft Visual Studio Solution File, Format Version 12.00
# Visual Studio Version 16
VisualStudioVersion = 16.0.30517.126
MinimumVisualStudioVersion = 10.0.40219.1
Project("{FAE04EC0-301F-11D3-BF4B-00C04F79EFBC}") = "RockPaperScissorsLizardSpock", "RockPaperScissorsLizardSpock\RockPaperScissorsLizardSpock.csproj", "{4B0B5F15-28E9-4268-91A7-33F730112E51}"
EndProject
Global
	GlobalSection(SolutionConfigurationPlatforms) = preSolution
		Debug|Any CPU = Debug|Any CPU
		Release|Any CPU = Release|Any CPU
	EndGlobalSection
	GlobalSection(ProjectConfigurationPlatforms) = postSolution
		{4B0B5F15-28E9-4268-91A7-33F730112E51}.Debug|Any CPU.ActiveCfg = Debug|Any CPU
		{4B0B5F15-28E9-4268-91A7-33F730112E51}.Debug|Any CPU.Build.0 = Debug|Any CPU
		{4B0B5F15-28E9-4268-91A7-33F730112E51}.Release|Any CPU.ActiveCfg = Release|Any CPU
		{4B0B5F15-28E9-4268-91A7-33F730112E51}.Release|Any CPU.Build.0 = Release|Any CPU
	EndGlobalSection
	GlobalSection(SolutionProperties) = preSolution
		HideSolutionNode = FALSE
	EndGlobalSection
	GlobalSection(ExtensibilityGlobals) = postSolution
		SolutionGuid = {B1D9AC02-2EC3-4623-A96E-A0B24D13D38D}
	EndGlobalSection
EndGlobal
